
Microsoft Visual Studio Solution File, Format Version 12.00
# Visual Studio Version 17
VisualStudioVersion = 17.5.33627.172
MinimumVisualStudioVersion = 10.0.40219.1
Project("{9A19103F-16F7-4668-BE54-9A1E7A4F7556}") = "Solution", "Solution.csproj", "{1DF30DF4-D8A5-4264-9410-ECB1549A53F3}"
EndProject
Project("{FAE04EC0-301F-11D3-BF4B-00C04F79EFBC}") = "SolutionTestProject", "..\SolutionTestProject\SolutionTestProject.csproj", "{A5628669-29D1-4C3B-8776-6F5556147690}"
EndProject
Global
	GlobalSection(SolutionConfigurationPlatforms) = preSolution
		Debug|Any CPU = Debug|Any CPU
		Release|Any CPU = Release|Any CPU
	EndGlobalSection
	GlobalSection(ProjectConfigurationPlatforms) = postSolution
		{1DF30DF4-D8A5-4264-9410-ECB1549A53F3}.Debug|Any CPU.ActiveCfg = Debug|Any CPU
		{1DF30DF4-D8A5-4264-9410-ECB1549A53F3}.Debug|Any CPU.Build.0 = Debug|Any CPU
		{1DF30DF4-D8A5-4264-9410-ECB1549A53F3}.Release|Any CPU.ActiveCfg = Release|Any CPU
		{1DF30DF4-D8A5-4264-9410-ECB1549A53F3}.Release|Any CPU.Build.0 = Release|Any CPU
		{A5628669-29D1-4C3B-8776-6F5556147690}.Debug|Any CPU.ActiveCfg = Debug|Any CPU
		{A5628669-29D1-4C3B-8776-6F5556147690}.Debug|Any CPU.Build.0 = Debug|Any CPU
		{A5628669-29D1-4C3B-8776-6F5556147690}.Release|Any CPU.ActiveCfg = Release|Any CPU
		{A5628669-29D1-4C3B-8776-6F5556147690}.Release|Any CPU.Build.0 = Release|Any CPU
	EndGlobalSection
	GlobalSection(SolutionProperties) = preSolution
		HideSolutionNode = FALSE
	EndGlobalSection
	GlobalSection(ExtensibilityGlobals) = postSolution
		SolutionGuid = {52E77BBF-2AC8-48DA-BCB0-5349DF82BF7F}
	EndGlobalSection
EndGlobal
